
Microsoft Visual Studio Solution File, Format Version 12.00
# Visual Studio Version 16
VisualStudioVersion = 16.0.32413.511
MinimumVisualStudioVersion = 10.0.40219.1
Project("{FAE04EC0-301F-11D3-BF4B-00C04F79EFBC}") = "TestVB", "TestVB\TestVB.csproj", "{B5E78506-6283-47B0-A3D9-DA9A77B3094B}"
EndProject
Global
	GlobalSection(SolutionConfigurationPlatforms) = preSolution
		Debug|Any CPU = Debug|Any CPU
		Release|Any CPU = Release|Any CPU
	EndGlobalSection
	GlobalSection(ProjectConfigurationPlatforms) = postSolution
		{B5E78506-6283-47B0-A3D9-DA9A77B3094B}.Debug|Any CPU.ActiveCfg = Debug|Any CPU
		{B5E78506-6283-47B0-A3D9-DA9A77B3094B}.Debug|Any CPU.Build.0 = Debug|Any CPU
		{B5E78506-6283-47B0-A3D9-DA9A77B3094B}.Release|Any CPU.ActiveCfg = Release|Any CPU
		{B5E78506-6283-47B0-A3D9-DA9A77B3094B}.Release|Any CPU.Build.0 = Release|Any CPU
	EndGlobalSection
	GlobalSection(SolutionProperties) = preSolution
		HideSolutionNode = FALSE
	EndGlobalSection
	GlobalSection(ExtensibilityGlobals) = postSolution
		SolutionGuid = {1DF18565-04FB-49C2-826A-3931A1B97346}
	EndGlobalSection
EndGlobal
